// !$*UTF8*$!
{
	archiveVersion = 1;
	classes = {
	};
	objectVersion = 46;
	objects = {

/* Begin PBXBuildFile section */
		371FF5FB1F6FB24000CCC447 /* MFSearchControl.bundle in Resources */ = {isa = PBXBuildFile; fileRef = 371FF5F61F6FB24000CCC447 /* MFSearchControl.bundle */; };
		371FF5FC1F6FB24000CCC447 /* MFSearchController.m in Sources */ = {isa = PBXBuildFile; fileRef = 371FF5F81F6FB24000CCC447 /* MFSearchController.m */; };
		371FF5FD1F6FB24000CCC447 /* MFSearchResultViewController.m in Sources */ = {isa = PBXBuildFile; fileRef = 371FF5FA1F6FB24000CCC447 /* MFSearchResultViewController.m */; };
		371FF6001F6FB60A00CCC447 /* MF_RealTimeSearchViewController.m in Sources */ = {isa = PBXBuildFile; fileRef = 371FF5FF1F6FB60A00CCC447 /* MF_RealTimeSearchViewController.m */; };
		371FF6031F6FB61E00CCC447 /* MF_StaticSearchViewController.m in Sources */ = {isa = PBXBuildFile; fileRef = 371FF6021F6FB61E00CCC447 /* MF_StaticSearchViewController.m */; };
		371FF6061F6FB65600CCC447 /* MF_StudyViewController.m in Sources */ = {isa = PBXBuildFile; fileRef = 371FF6051F6FB65600CCC447 /* MF_StudyViewController.m */; };
		372AEDED1F6F90C30099DBC5 /* main.m in Sources */ = {isa = PBXBuildFile; fileRef = 372AEDEC1F6F90C30099DBC5 /* main.m */; };
		372AEDF01F6F90C30099DBC5 /* AppDelegate.m in Sources */ = {isa = PBXBuildFile; fileRef = 372AEDEF1F6F90C30099DBC5 /* AppDelegate.m */; };
		372AEDF31F6F90C30099DBC5 /* ViewController.m in Sources */ = {isa = PBXBuildFile; fileRef = 372AEDF21F6F90C30099DBC5 /* ViewController.m */; };
		372AEDF61F6F90C30099DBC5 /* Main.storyboard in Resources */ = {isa = PBXBuildFile; fileRef = 372AEDF41F6F90C30099DBC5 /* Main.storyboard */; };
		372AEDF81F6F90C30099DBC5 /* Assets.xcassets in Resources */ = {isa = PBXBuildFile; fileRef = 372AEDF71F6F90C30099DBC5 /* Assets.xcassets */; };
		372AEDFB1F6F90C30099DBC5 /* LaunchScreen.storyboard in Resources */ = {isa = PBXBuildFile; fileRef = 372AEDF91F6F90C30099DBC5 /* LaunchScreen.storyboard */; };
/* End PBXBuildFile section */

/* Begin PBXFileReference section */
		371FF5F61F6FB24000CCC447 /* MFSearchControl.bundle */ = {isa = PBXFileReference; lastKnownFileType = "wrapper.plug-in"; path = MFSearchControl.bundle; sourceTree = "<group>"; };
		371FF5F71F6FB24000CCC447 /* MFSearchController.h */ = {isa = PBXFileReference; fileEncoding = 4; lastKnownFileType = sourcecode.c.h; path = MFSearchController.h; sourceTree = "<group>"; };
		371FF5F81F6FB24000CCC447 /* MFSearchController.m */ = {isa = PBXFileReference; fileEncoding = 4; lastKnownFileType = sourcecode.c.objc; path = MFSearchController.m; sourceTree = "<group>"; };
		371FF5F91F6FB24000CCC447 /* MFSearchResultViewController.h */ = {isa = PBXFileReference; fileEncoding = 4; lastKnownFileType = sourcecode.c.h; path = MFSearchResultViewController.h; sourceTree = "<group>"; };
		371FF5FA1F6FB24000CCC447 /* MFSearchResultViewController.m */ = {isa = PBXFileReference; fileEncoding = 4; lastKnownFileType = sourcecode.c.objc; path = MFSearchResultViewController.m; sourceTree = "<group>"; };
		371FF5FE1F6FB60A00CCC447 /* MF_RealTimeSearchViewController.h */ = {isa = PBXFileReference; fileEncoding = 4; lastKnownFileType = sourcecode.c.h; path = MF_RealTimeSearchViewController.h; sourceTree = "<group>"; };
		371FF5FF1F6FB60A00CCC447 /* MF_RealTimeSearchViewController.m */ = {isa = PBXFileReference; fileEncoding = 4; lastKnownFileType = sourcecode.c.objc; path = MF_RealTimeSearchViewController.m; sourceTree = "<group>"; };
		371FF6011F6FB61E00CCC447 /* MF_StaticSearchViewController.h */ = {isa = PBXFileReference; fileEncoding = 4; lastKnownFileType = sourcecode.c.h; path = MF_StaticSearchViewController.h; sourceTree = "<group>"; };
		371FF6021F6FB61E00CCC447 /* MF_StaticSearchViewController.m */ = {isa = PBXFileReference; fileEncoding = 4; lastKnownFileType = sourcecode.c.objc; path = MF_StaticSearchViewController.m; sourceTree = "<group>"; };
		371FF6041F6FB65600CCC447 /* MF_StudyViewController.h */ = {isa = PBXFileReference; fileEncoding = 4; lastKnownFileType = sourcecode.c.h; path = MF_StudyViewController.h; sourceTree = "<group>"; };
		371FF6051F6FB65600CCC447 /* MF_StudyViewController.m */ = {isa = PBXFileReference; fileEncoding = 4; lastKnownFileType = sourcecode.c.objc; path = MF_StudyViewController.m; sourceTree = "<group>"; };
		372AEDE81F6F90C30099DBC5 /* MFSearchControllerExample.app */ = {isa = PBXFileReference; explicitFileType = wrapper.application; includeInIndex = 0; path = MFSearchControllerExample.app; sourceTree = BUILT_PRODUCTS_DIR; };
		372AEDEC1F6F90C30099DBC5 /* main.m */ = {isa = PBXFileReference; lastKnownFileType = sourcecode.c.objc; path = main.m; sourceTree = "<group>"; };
		372AEDEE1F6F90C30099DBC5 /* AppDelegate.h */ = {isa = PBXFileReference; lastKnownFileType = sourcecode.c.h; path = AppDelegate.h; sourceTree = "<group>"; };
		372AEDEF1F6F90C30099DBC5 /* AppDelegate.m */ = {isa = PBXFileReference; lastKnownFileType = sourcecode.c.objc; path = AppDelegate.m; sourceTree = "<group>"; };
		372AEDF11F6F90C30099DBC5 /* ViewController.h */ = {isa = PBXFileReference; lastKnownFileType = sourcecode.c.h; path = ViewController.h; sourceTree = "<group>"; };
		372AEDF21F6F90C30099DBC5 /* ViewController.m */ = {isa = PBXFileReference; lastKnownFileType = sourcecode.c.objc; path = ViewController.m; sourceTree = "<group>"; };
		372AEDF51F6F90C30099DBC5 /* Base */ = {isa = PBXFileReference; lastKnownFileType = file.storyboard; name = Base; path = Base.lproj/Main.storyboard; sourceTree = "<group>"; };
		372AEDF71F6F90C30099DBC5 /* Assets.xcassets */ = {isa = PBXFileReference; lastKnownFileType = folder.assetcatalog; path = Assets.xcassets; sourceTree = "<group>"; };
		372AEDFA1F6F90C30099DBC5 /* Base */ = {isa = PBXFileReference; lastKnownFileType = file.storyboard; name = Base; path = Base.lproj/LaunchScreen.storyboard; sourceTree = "<group>"; };
		372AEDFC1F6F90C30099DBC5 /* Info.plist */ = {isa = PBXFileReference; lastKnownFileType = text.plist.xml; path = Info.plist; sourceTree = "<group>"; };
/* End PBXFileReference section */

/* Begin PBXFrameworksBuildPhase section */
		372AEDE51F6F90C30099DBC5 /* Frameworks */ = {
			isa = PBXFrameworksBuildPhase;
			buildActionMask = 2147483647;
			files = (
			);
			runOnlyForDeploymentPostprocessing = 0;
		};
/* End PBXFrameworksBuildPhase section */

/* Begin PBXGroup section */
		371FF5F51F6FB24000CCC447 /* MFSearchController */ = {
			isa = PBXGroup;
			children = (
				371FF5F61F6FB24000CCC447 /* MFSearchControl.bundle */,
				371FF5F71F6FB24000CCC447 /* MFSearchController.h */,
				371FF5F81F6FB24000CCC447 /* MFSearchController.m */,
				371FF5F91F6FB24000CCC447 /* MFSearchResultViewController.h */,
				371FF5FA1F6FB24000CCC447 /* MFSearchResultViewController.m */,
			);
			path = MFSearchController;
			sourceTree = "<group>";
		};
		372AEDDF1F6F90C30099DBC5 = {
			isa = PBXGroup;
			children = (
				372AEDEA1F6F90C30099DBC5 /* MFSearchControllerExample */,
				372AEDE91F6F90C30099DBC5 /* Products */,
			);
			sourceTree = "<group>";
		};
		372AEDE91F6F90C30099DBC5 /* Products */ = {
			isa = PBXGroup;
			children = (
				372AEDE81F6F90C30099DBC5 /* MFSearchControllerExample.app */,
			);
			name = Products;
			sourceTree = "<group>";
		};
		372AEDEA1F6F90C30099DBC5 /* MFSearchControllerExample */ = {
			isa = PBXGroup;
			children = (
				372AEDEE1F6F90C30099DBC5 /* AppDelegate.h */,
				372AEDEF1F6F90C30099DBC5 /* AppDelegate.m */,
				372AEDF11F6F90C30099DBC5 /* ViewController.h */,
				372AEDF21F6F90C30099DBC5 /* ViewController.m */,
				371FF6011F6FB61E00CCC447 /* MF_StaticSearchViewController.h */,
				371FF6021F6FB61E00CCC447 /* MF_StaticSearchViewController.m */,
				371FF5FE1F6FB60A00CCC447 /* MF_RealTimeSearchViewController.h */,
				371FF5FF1F6FB60A00CCC447 /* MF_RealTimeSearchViewController.m */,
				371FF6041F6FB65600CCC447 /* MF_StudyViewController.h */,
				371FF6051F6FB65600CCC447 /* MF_StudyViewController.m */,
				371FF5F51F6FB24000CCC447 /* MFSearchController */,
				372AEDF41F6F90C30099DBC5 /* Main.storyboard */,
				372AEDF71F6F90C30099DBC5 /* Assets.xcassets */,
				372AEDF91F6F90C30099DBC5 /* LaunchScreen.storyboard */,
				372AEDFC1F6F90C30099DBC5 /* Info.plist */,
				372AEDEB1F6F90C30099DBC5 /* Supporting Files */,
			);
			path = MFSearchControllerExample;
			sourceTree = "<group>";
		};
		372AEDEB1F6F90C30099DBC5 /* Supporting Files */ = {
			isa = PBXGroup;
			children = (
				372AEDEC1F6F90C30099DBC5 /* main.m */,
			);
			name = "Supporting Files";
			sourceTree = "<group>";
		};
/* End PBXGroup section */

/* Begin PBXNativeTarget section */
		372AEDE71F6F90C30099DBC5 /* MFSearchControllerExample */ = {
			isa = PBXNativeTarget;
			buildConfigurationList = 372AEDFF1F6F90C30099DBC5 /* Build configuration list for PBXNativeTarget "MFSearchControllerExample" */;
			buildPhases = (
				372AEDE41F6F90C30099DBC5 /* Sources */,
				372AEDE51F6F90C30099DBC5 /* Frameworks */,
				372AEDE61F6F90C30099DBC5 /* Resources */,
			);
			buildRules = (
			);
			dependencies = (
			);
			name = MFSearchControllerExample;
			productName = MFSearchControllerExample;
			productReference = 372AEDE81F6F90C30099DBC5 /* MFSearchControllerExample.app */;
			productType = "com.apple.product-type.application";
		};
/* End PBXNativeTarget section */

/* Begin PBXProject section */
		372AEDE01F6F90C30099DBC5 /* Project object */ = {
			isa = PBXProject;
			attributes = {
				LastUpgradeCheck = 0830;
				ORGANIZATIONNAME = MF;
				TargetAttributes = {
					372AEDE71F6F90C30099DBC5 = {
						CreatedOnToolsVersion = 8.3.3;
						ProvisioningStyle = Automatic;
					};
				};
			};
			buildConfigurationList = 372AEDE31F6F90C30099DBC5 /* Build configuration list for PBXProject "MFSearchControllerExample" */;
			compatibilityVersion = "Xcode 3.2";
			developmentRegion = English;
			hasScannedForEncodings = 0;
			knownRegions = (
				en,
				Base,
			);
			mainGroup = 372AEDDF1F6F90C30099DBC5;
			productRefGroup = 372AEDE91F6F90C30099DBC5 /* Products */;
			projectDirPath = "";
			projectRoot = "";
			targets = (
				372AEDE71F6F90C30099DBC5 /* MFSearchControllerExample */,
			);
		};
/* End PBXProject section */

/* Begin PBXResourcesBuildPhase section */
		372AEDE61F6F90C30099DBC5 /* Resources */ = {
			isa = PBXResourcesBuildPhase;
			buildActionMask = 2147483647;
			files = (
				371FF5FB1F6FB24000CCC447 /* MFSearchControl.bundle in Resources */,
				372AEDFB1F6F90C30099DBC5 /* LaunchScreen.storyboard in Resources */,
				372AEDF81F6F90C30099DBC5 /* Assets.xcassets in Resources */,
				372AEDF61F6F90C30099DBC5 /* Main.storyboard in Resources */,
			);
			runOnlyForDeploymentPostprocessing = 0;
		};
/* End PBXResourcesBuildPhase section */

/* Begin PBXSourcesBuildPhase section */
		372AEDE41F6F90C30099DBC5 /* Sources */ = {
			isa = PBXSourcesBuildPhase;
			buildActionMask = 2147483647;
			files = (
				371FF5FC1F6FB24000CCC447 /* MFSearchController.m in Sources */,
				371FF5FD1F6FB24000CCC447 /* MFSearchResultViewController.m in Sources */,
				372AEDF31F6F90C30099DBC5 /* ViewController.m in Sources */,
				372AEDF01F6F90C30099DBC5 /* AppDelegate.m in Sources */,
				371FF6031F6FB61E00CCC447 /* MF_StaticSearchViewController.m in Sources */,
				371FF6061F6FB65600CCC447 /* MF_StudyViewController.m in Sources */,
				371FF6001F6FB60A00CCC447 /* MF_RealTimeSearchViewController.m in Sources */,
				372AEDED1F6F90C30099DBC5 /* main.m in Sources */,
			);
			runOnlyForDeploymentPostprocessing = 0;
		};
/* End PBXSourcesBuildPhase section */

/* Begin PBXVariantGroup section */
		372AEDF41F6F90C30099DBC5 /* Main.storyboard */ = {
			isa = PBXVariantGroup;
			children = (
				372AEDF51F6F90C30099DBC5 /* Base */,
			);
			name = Main.storyboard;
			sourceTree = "<group>";
		};
		372AEDF91F6F90C30099DBC5 /* LaunchScreen.storyboard */ = {
			isa = PBXVariantGroup;
			children = (
				372AEDFA1F6F90C30099DBC5 /* Base */,
			);
			name = LaunchScreen.storyboard;
			sourceTree = "<group>";
		};
/* End PBXVariantGroup section */

/* Begin XCBuildConfiguration section */
		372AEDFD1F6F90C30099DBC5 /* Debug */ = {
			isa = XCBuildConfiguration;
			buildSettings = {
				ALWAYS_SEARCH_USER_PATHS = NO;
				CLANG_ANALYZER_NONNULL = YES;
				CLANG_ANALYZER_NUMBER_OBJECT_CONVERSION = YES_AGGRESSIVE;
				CLANG_CXX_LANGUAGE_STANDARD = "gnu++0x";
				CLANG_CXX_LIBRARY = "libc++";
				CLANG_ENABLE_MODULES = YES;
				CLANG_ENABLE_OBJC_ARC = YES;
				CLANG_WARN_BOOL_CONVERSION = YES;
				CLANG_WARN_CONSTANT_CONVERSION = YES;
				CLANG_WARN_DIRECT_OBJC_ISA_USAGE = YES_ERROR;
				CLANG_WARN_DOCUMENTATION_COMMENTS = YES;
				CLANG_WARN_EMPTY_BODY = YES;
				CLANG_WARN_ENUM_CONVERSION = YES;
				CLANG_WARN_INFINITE_RECURSION = YES;
				CLANG_WARN_INT_CONVERSION = YES;
				CLANG_WARN_OBJC_ROOT_CLASS = YES_ERROR;
				CLANG_WARN_SUSPICIOUS_MOVE = YES;
				CLANG_WARN_UNREACHABLE_CODE = YES;
				CLANG_WARN__DUPLICATE_METHOD_MATCH = YES;
				"CODE_SIGN_IDENTITY[sdk=iphoneos*]" = "iPhone Developer";
				COPY_PHASE_STRIP = NO;
				DEBUG_INFORMATION_FORMAT = dwarf;
				ENABLE_STRICT_OBJC_MSGSEND = YES;
				ENABLE_TESTABILITY = YES;
				GCC_C_LANGUAGE_STANDARD = gnu99;
				GCC_DYNAMIC_NO_PIC = NO;
				GCC_NO_COMMON_BLOCKS = YES;
				GCC_OPTIMIZATION_LEVEL = 0;
				GCC_PREPROCESSOR_DEFINITIONS = (
					"DEBUG=1",
					"$(inherited)",
				);
				GCC_WARN_64_TO_32_BIT_CONVERSION = YES;
				GCC_WARN_ABOUT_RETURN_TYPE = YES_ERROR;
				GCC_WARN_UNDECLARED_SELECTOR = YES;
				GCC_WARN_UNINITIALIZED_AUTOS = YES_AGGRESSIVE;
				GCC_WARN_UNUSED_FUNCTION = YES;
				GCC_WARN_UNUSED_VARIABLE = YES;
				IPHONEOS_DEPLOYMENT_TARGET = 10.3;
				MTL_ENABLE_DEBUG_INFO = YES;
				ONLY_ACTIVE_ARCH = YES;
				SDKROOT = iphoneos;
				TARGETED_DEVICE_FAMILY = "1,2";
			};
			name = Debug;
		};
		372AEDFE1F6F90C30099DBC5 /* Release */ = {
			isa = XCBuildConfiguration;
			buildSettings = {
				ALWAYS_SEARCH_USER_PATHS = NO;
				CLANG_ANALYZER_NONNULL = YES;
				CLANG_ANALYZER_NUMBER_OBJECT_CONVERSION = YES_AGGRESSIVE;
				CLANG_CXX_LANGUAGE_STANDARD = "gnu++0x";
				CLANG_CXX_LIBRARY = "libc++";
				CLANG_ENABLE_MODULES = YES;
				CLANG_ENABLE_OBJC_ARC = YES;
				CLANG_WARN_BOOL_CONVERSION = YES;
				CLANG_WARN_CONSTANT_CONVERSION = YES;
				CLANG_WARN_DIRECT_OBJC_ISA_USAGE = YES_ERROR;
				CLANG_WARN_DOCUMENTATION_COMMENTS = YES;
				CLANG_WARN_EMPTY_BODY = YES;
				CLANG_WARN_ENUM_CONVERSION = YES;
				CLANG_WARN_INFINITE_RECURSION = YES;
				CLANG_WARN_INT_CONVERSION = YES;
				CLANG_WARN_OBJC_ROOT_CLASS = YES_ERROR;
				CLANG_WARN_SUSPICIOUS_MOVE = YES;
				CLANG_WARN_UNREACHABLE_CODE = YES;
				CLANG_WARN__DUPLICATE_METHOD_MATCH = YES;
				"CODE_SIGN_IDENTITY[sdk=iphoneos*]" = "iPhone Developer";
				COPY_PHASE_STRIP = NO;
				DEBUG_INFORMATION_FORMAT = "dwarf-with-dsym";
				ENABLE_NS_ASSERTIONS = NO;
				ENABLE_STRICT_OBJC_MSGSEND = YES;
				GCC_C_LANGUAGE_STANDARD = gnu99;
				GCC_NO_COMMON_BLOCKS = YES;
				GCC_WARN_64_TO_32_BIT_CONVERSION = YES;
				GCC_WARN_ABOUT_RETURN_TYPE = YES_ERROR;
				GCC_WARN_UNDECLARED_SELECTOR = YES;
				GCC_WARN_UNINITIALIZED_AUTOS = YES_AGGRESSIVE;
				GCC_WARN_UNUSED_FUNCTION = YES;
				GCC_WARN_UNUSED_VARIABLE = YES;
				IPHONEOS_DEPLOYMENT_TARGET = 10.3;
				MTL_ENABLE_DEBUG_INFO = NO;
				SDKROOT = iphoneos;
				TARGETED_DEVICE_FAMILY = "1,2";
				VALIDATE_PRODUCT = YES;
			};
			name = Release;
		};
		372AEE001F6F90C30099DBC5 /* Debug */ = {
			isa = XCBuildConfiguration;
			buildSettings = {
				ASSETCATALOG_COMPILER_APPICON_NAME = AppIcon;
				INFOPLIST_FILE = MFSearchControllerExample/Info.plist;
				LD_RUNPATH_SEARCH_PATHS = "$(inherited) @executable_path/Frameworks";
				PRODUCT_BUNDLE_IDENTIFIER = MF.MFSearchControllerExample;
				PRODUCT_NAME = "$(TARGET_NAME)";
			};
			name = Debug;
		};
		372AEE011F6F90C30099DBC5 /* Release */ = {
			isa = XCBuildConfiguration;
			buildSettings = {
				ASSETCATALOG_COMPILER_APPICON_NAME = AppIcon;
				INFOPLIST_FILE = MFSearchControllerExample/Info.plist;
				LD_RUNPATH_SEARCH_PATHS = "$(inherited) @executable_path/Frameworks";
				PRODUCT_BUNDLE_IDENTIFIER = MF.MFSearchControllerExample;
				PRODUCT_NAME = "$(TARGET_NAME)";
			};
			name = Release;
		};
/* End XCBuildConfiguration section */

/* Begin XCConfigurationList section */
		372AEDE31F6F90C30099DBC5 /* Build configuration list for PBXProject "MFSearchControllerExample" */ = {
			isa = XCConfigurationList;
			buildConfigurations = (
				372AEDFD1F6F90C30099DBC5 /* Debug */,
				372AEDFE1F6F90C30099DBC5 /* Release */,
			);
			defaultConfigurationIsVisible = 0;
			defaultConfigurationName = Release;
		};
		372AEDFF1F6F90C30099DBC5 /* Build configuration list for PBXNativeTarget "MFSearchControllerExample" */ = {
			isa = XCConfigurationList;
			buildConfigurations = (
				372AEE001F6F90C30099DBC5 /* Debug */,
				372AEE011F6F90C30099DBC5 /* Release */,
			);
			defaultConfigurationIsVisible = 0;
			defaultConfigurationName = Release;
		};
/* End XCConfigurationList section */
	};
	rootObject = 372AEDE01F6F90C30099DBC5 /* Project object */;
}
